
Microsoft Visual Studio Solution File, Format Version 12.00
# Visual Studio 14
VisualStudioVersion = 14.0.24720.0
MinimumVisualStudioVersion = 10.0.40219.1
Project("{888888A0-9F3D-457C-B088-3A5042F75D52}") = "poweredsites", "poweredsites\poweredsites.pyproj", "{D249A07A-7C3F-4CDD-8C6F-CB660D33DA43}"
EndProject
Global
	GlobalSection(SolutionConfigurationPlatforms) = preSolution
		Debug|Any CPU = Debug|Any CPU
		Release|Any CPU = Release|Any CPU
	EndGlobalSection
	GlobalSection(ProjectConfigurationPlatforms) = postSolution
		{D249A07A-7C3F-4CDD-8C6F-CB660D33DA43}.Debug|Any CPU.ActiveCfg = Debug|Any CPU
		{D249A07A-7C3F-4CDD-8C6F-CB660D33DA43}.Debug|Any CPU.Build.0 = Debug|Any CPU
		{D249A07A-7C3F-4CDD-8C6F-CB660D33DA43}.Release|Any CPU.ActiveCfg = Release|Any CPU
		{D249A07A-7C3F-4CDD-8C6F-CB660D33DA43}.Release|Any CPU.Build.0 = Release|Any CPU
	EndGlobalSection
	GlobalSection(SolutionProperties) = preSolution
		HideSolutionNode = FALSE
	EndGlobalSection
EndGlobal
